{
  "name": "nodeworkspace",
  "version": "0.0.0",
  "lockfileVersion": 1,
  "requires": true,
  "dependencies": {
    "@types/babel-types": {
      "version": "7.0.7",
      "resolved": "https://registry.npm.taobao.org/@types/babel-types/download/@types/babel-types-7.0.7.tgz",
      "integrity": "sha1-Zn6xZA6AOUNgKAVXN9K5mG7jNuM="
    },
    "@types/babylon": {
      "version": "6.16.5",
      "resolved": "http://registry.npm.taobao.org/@types/babylon/download/@types/babylon-6.16.5.tgz",
      "integrity": "sha1-HFZB22nrjN83jt0ltL53VL7rSLQ=",
      "requires": {
        "@types/babel-types": "*"
      }
    },
    "accepts": {
      "version": "1.3.7",
      "resolved": "https://registry.npm.taobao.org/accepts/download/accepts-1.3.7.tgz",
      "integrity": "sha1-UxvHJlF6OytB+FACHGzBXqq1B80=",
      "requires": {
        "mime-types": "~2.1.24",
        "negotiator": "0.6.2"
      }
    },
    "acorn": {
      "version": "3.3.0",
      "resolved": "http://registry.npm.taobao.org/acorn/download/acorn-3.3.0.tgz",
      "integrity": "sha1-ReN/s56No/JbruP/U2niu18iAXo="
    },
    "acorn-globals": {
      "version": "3.1.0",
      "resolved": "http://registry.npm.taobao.org/acorn-globals/download/acorn-globals-3.1.0.tgz",
      "integrity": "sha1-/YJw9x+7SZawBPqIDuXUZXOnMb8=",
      "requires": {
        "acorn": "^4.0.4"
      },
      "dependencies": {
        "acorn": {
          "version": "4.0.13",
          "resolved": "http://registry.npm.taobao.org/acorn/download/acorn-4.0.13.tgz",
          "integrity": "sha1-EFSVrlNh1pe9GVyCUZLhrX8lN4c="
        }
      }
    },
    "align-text": {
      "version": "0.1.4",
      "resolved": "http://registry.npm.taobao.org/align-text/download/align-text-0.1.4.tgz",
      "integrity": "sha1-DNkKVhCT810KmSVsIrcGlDP60Rc=",
      "requires": {
        "kind-of": "^3.0.2",
        "longest": "^1.0.1",
        "repeat-string": "^1.5.2"
      }
    },
    "array-flatten": {
      "version": "1.1.1",
      "resolved": "http://registry.npm.taobao.org/array-flatten/download/array-flatten-1.1.1.tgz",
      "integrity": "sha1-ml9pkFGx5wczKPKgCJaLZOopVdI="
    },
    "art-template": {
      "version": "4.13.2",
      "resolved": "https://registry.npm.taobao.org/art-template/download/art-template-4.13.2.tgz",
      "integrity": "sha1-TEy9RN4IqtAxZgJAhx9Fx9c3z8E=",
      "requires": {
        "acorn": "^5.0.3",
        "escodegen": "^1.8.1",
        "estraverse": "^4.2.0",
        "html-minifier": "^3.4.3",
        "is-keyword-js": "^1.0.3",
        "js-tokens": "^3.0.1",
        "merge-source-map": "^1.0.3",
        "source-map": "^0.5.6"
      },
      "dependencies": {
        "acorn": {
          "version": "5.7.3",
          "resolved": "http://registry.npm.taobao.org/acorn/download/acorn-5.7.3.tgz",
          "integrity": "sha1-Z6ojG/iBKXS4UjWpZ3Hra9B+onk="
        },
        "source-map": {
          "version": "0.5.7",
          "resolved": "http://registry.npm.taobao.org/source-map/download/source-map-0.5.7.tgz",
          "integrity": "sha1-igOdLRAh0i0eoUyA2OpGi6LvP8w="
        }
      }
    },
    "asap": {
      "version": "2.0.6",
      "resolved": "http://registry.npm.taobao.org/asap/download/asap-2.0.6.tgz",
      "integrity": "sha1-5QNHYR1+aQlDIIu9r+vLwvuGbUY="
    },
    "babel-runtime": {
      "version": "6.26.0",
      "resolved": "http://registry.npm.taobao.org/babel-runtime/download/babel-runtime-6.26.0.tgz",
      "integrity": "sha1-llxwWGaOgrVde/4E/yM3vItWR/4=",
      "requires": {
        "core-js": "^2.4.0",
        "regenerator-runtime": "^0.11.0"
      }
    },
    "babel-types": {
      "version": "6.26.0",
      "resolved": "http://registry.npm.taobao.org/babel-types/download/babel-types-6.26.0.tgz",
      "integrity": "sha1-o7Bz+Uq0nrb6Vc1lInozQ4BjJJc=",
      "requires": {
        "babel-runtime": "^6.26.0",
        "esutils": "^2.0.2",
        "lodash": "^4.17.4",
        "to-fast-properties": "^1.0.3"
      }
    },
    "babylon": {
      "version": "6.18.0",
      "resolved": "http://registry.npm.taobao.org/babylon/download/babylon-6.18.0.tgz",
      "integrity": "sha1-ry87iPpvXB5MY00aD46sT1WzleM="
    },
    "basic-auth": {
      "version": "2.0.1",
      "resolved": "http://registry.npm.taobao.org/basic-auth/download/basic-auth-2.0.1.tgz",
      "integrity": "sha1-uZgnm/R844NEtPPPkW1Gebv1Hjo=",
      "requires": {
        "safe-buffer": "5.1.2"
      }
    },
    "body-parser": {
      "version": "1.18.3",
      "resolved": "http://registry.npm.taobao.org/body-parser/download/body-parser-1.18.3.tgz",
      "integrity": "sha1-WykhmP/dVTs6DyDe0FkrlWlVyLQ=",
      "requires": {
        "bytes": "3.0.0",
        "content-type": "~1.0.4",
        "debug": "2.6.9",
        "depd": "~1.1.2",
        "http-errors": "~1.6.3",
        "iconv-lite": "0.4.23",
        "on-finished": "~2.3.0",
        "qs": "6.5.2",
        "raw-body": "2.3.3",
        "type-is": "~1.6.16"
      }
    },
    "bytes": {
      "version": "3.0.0",
      "resolved": "http://registry.npm.taobao.org/bytes/download/bytes-3.0.0.tgz",
      "integrity": "sha1-0ygVQE1olpn4Wk6k+odV3ROpYEg="
    },
    "camel-case": {
      "version": "3.0.0",
      "resolved": "http://registry.npm.taobao.org/camel-case/download/camel-case-3.0.0.tgz",
      "integrity": "sha1-yjw2iKTpzzpM2nd9xNy8cTJJz3M=",
      "requires": {
        "no-case": "^2.2.0",
        "upper-case": "^1.1.1"
      }
    },
    "camelcase": {
      "version": "1.2.1",
      "resolved": "http://registry.npm.taobao.org/camelcase/download/camelcase-1.2.1.tgz",
      "integrity": "sha1-m7UwTS4LVmmLLHWLCKPqqdqlijk="
    },
    "center-align": {
      "version": "0.1.3",
      "resolved": "http://registry.npm.taobao.org/center-align/download/center-align-0.1.3.tgz",
      "integrity": "sha1-qg0yYptu6XIgBBHL1EYckHvCt60=",
      "requires": {
        "align-text": "^0.1.3",
        "lazy-cache": "^1.0.3"
      }
    },
    "character-parser": {
      "version": "2.2.0",
      "resolved": "http://registry.npm.taobao.org/character-parser/download/character-parser-2.2.0.tgz",
      "integrity": "sha1-x84o821LzZdE5f/CxfzeHHMmH8A=",
      "requires": {
        "is-regex": "^1.0.3"
      }
    },
    "clean-css": {
      "version": "4.2.1",
      "resolved": "http://registry.npm.taobao.org/clean-css/download/clean-css-4.2.1.tgz",
      "integrity": "sha1-LUEe92uFabbQyEBo2r6FsKpeXBc=",
      "requires": {
        "source-map": "~0.6.0"
      }
    },
    "cliui": {
      "version": "2.1.0",
      "resolved": "http://registry.npm.taobao.org/cliui/download/cliui-2.1.0.tgz",
      "integrity": "sha1-S0dXYP+AJkx2LDoXGQMukcf+oNE=",
      "requires": {
        "center-align": "^0.1.1",
        "right-align": "^0.1.1",
        "wordwrap": "0.0.2"
      }
    },
    "commander": {
      "version": "2.17.1",
      "resolved": "http://registry.npm.taobao.org/commander/download/commander-2.17.1.tgz?cache=0&other_urls=http%3A%2F%2Fregistry.npm.taobao.org%2Fcommander%2Fdownload%2Fcommander-2.17.1.tgz",
      "integrity": "sha1-vXerfebelCBc6sxy8XFtKfIKd78="
    },
    "constantinople": {
      "version": "3.1.2",
      "resolved": "http://registry.npm.taobao.org/constantinople/download/constantinople-3.1.2.tgz",
      "integrity": "sha1-1F7XJPV9PRBQABen06iJwTga5kc=",
      "requires": {
        "@types/babel-types": "^7.0.0",
        "@types/babylon": "^6.16.2",
        "babel-types": "^6.26.0",
        "babylon": "^6.18.0"
      }
    },
    "content-disposition": {
      "version": "0.5.2",
      "resolved": "http://registry.npm.taobao.org/content-disposition/download/content-disposition-0.5.2.tgz",
      "integrity": "sha1-DPaLud318r55YcOoUXjLhdunjLQ="
    },
    "content-type": {
      "version": "1.0.4",
      "resolved": "http://registry.npm.taobao.org/content-type/download/content-type-1.0.4.tgz",
      "integrity": "sha1-4TjMdeBAxyexlm/l5fjJruJW/js="
    },
    "cookie": {
      "version": "0.3.1",
      "resolved": "http://registry.npm.taobao.org/cookie/download/cookie-0.3.1.tgz",
      "integrity": "sha1-5+Ch+e9DtMi6klxcWpboBtFoc7s="
    },
    "cookie-parser": {
      "version": "1.4.4",
      "resolved": "http://registry.npm.taobao.org/cookie-parser/download/cookie-parser-1.4.4.tgz",
      "integrity": "sha1-5jY95OqYw975aXuTQhwJ8wz10Yg=",
      "requires": {
        "cookie": "0.3.1",
        "cookie-signature": "1.0.6"
      }
    },
    "cookie-signature": {
      "version": "1.0.6",
      "resolved": "http://registry.npm.taobao.org/cookie-signature/download/cookie-signature-1.0.6.tgz",
      "integrity": "sha1-4wOogrNCzD7oylE6eZmXNNqzriw="
    },
    "core-js": {
      "version": "2.6.5",
      "resolved": "http://registry.npm.taobao.org/core-js/download/core-js-2.6.5.tgz",
      "integrity": "sha1-RLyNJJ5/sv9dAOA0Gn/7lPv2eJU="
    },
    "debug": {
      "version": "2.6.9",
      "resolved": "http://registry.npm.taobao.org/debug/download/debug-2.6.9.tgz",
      "integrity": "sha1-XRKFFd8TT/Mn6QpMk/Tgd6U2NB8=",
      "requires": {
        "ms": "2.0.0"
      }
    },
    "decamelize": {
      "version": "1.2.0",
      "resolved": "http://registry.npm.taobao.org/decamelize/download/decamelize-1.2.0.tgz",
      "integrity": "sha1-9lNNFRSCabIDUue+4m9QH5oZEpA="
    },
    "deep-is": {
      "version": "0.1.3",
      "resolved": "http://registry.npm.taobao.org/deep-is/download/deep-is-0.1.3.tgz",
      "integrity": "sha1-s2nW+128E+7PUk+RsHD+7cNXzzQ="
    },
    "depd": {
      "version": "1.1.2",
      "resolved": "http://registry.npm.taobao.org/depd/download/depd-1.1.2.tgz",
      "integrity": "sha1-m81S4UwJd2PnSbJ0xDRu0uVgtak="
    },
    "destroy": {
      "version": "1.0.4",
      "resolved": "http://registry.npm.taobao.org/destroy/download/destroy-1.0.4.tgz",
      "integrity": "sha1-l4hXRCxEdJ5CBmE+N5RiBYJqvYA="
    },
    "doctypes": {
      "version": "1.1.0",
      "resolved": "http://registry.npm.taobao.org/doctypes/download/doctypes-1.1.0.tgz",
      "integrity": "sha1-6oCxBqh1OHdOijpKWv4pPeSJ4Kk="
    },
    "ee-first": {
      "version": "1.1.1",
      "resolved": "http://registry.npm.taobao.org/ee-first/download/ee-first-1.1.1.tgz",
      "integrity": "sha1-WQxhFWsK4vTwJVcyoViyZrxWsh0="
    },
    "encodeurl": {
      "version": "1.0.2",
      "resolved": "http://registry.npm.taobao.org/encodeurl/download/encodeurl-1.0.2.tgz",
      "integrity": "sha1-rT/0yG7C0CkyL1oCw6mmBslbP1k="
    },
    "escape-html": {
      "version": "1.0.3",
      "resolved": "http://registry.npm.taobao.org/escape-html/download/escape-html-1.0.3.tgz",
      "integrity": "sha1-Aljq5NPQwJdN4cFpGI7wBR0dGYg="
    },
    "escodegen": {
      "version": "1.11.1",
      "resolved": "https://registry.npm.taobao.org/escodegen/download/escodegen-1.11.1.tgz",
      "integrity": "sha1-xIX/jWtM24nif0qFbpHxGEAcpRA=",
      "requires": {
        "esprima": "^3.1.3",
        "estraverse": "^4.2.0",
        "esutils": "^2.0.2",
        "optionator": "^0.8.1",
        "source-map": "~0.6.1"
      }
    },
    "esprima": {
      "version": "3.1.3",
      "resolved": "http://registry.npm.taobao.org/esprima/download/esprima-3.1.3.tgz",
      "integrity": "sha1-/cpRzuYTOJXjyI1TXOSdv/YqRjM="
    },
    "estraverse": {
      "version": "4.2.0",
      "resolved": "http://registry.npm.taobao.org/estraverse/download/estraverse-4.2.0.tgz",
      "integrity": "sha1-De4/7TH81GlhjOc0IJn8GvoL2xM="
    },
    "esutils": {
      "version": "2.0.2",
      "resolved": "http://registry.npm.taobao.org/esutils/download/esutils-2.0.2.tgz",
      "integrity": "sha1-Cr9PHKpbyx96nYrMbepPqqBLrJs="
    },
    "etag": {
      "version": "1.8.1",
      "resolved": "http://registry.npm.taobao.org/etag/download/etag-1.8.1.tgz",
      "integrity": "sha1-Qa4u62XvpiJorr/qg6x9eSmbCIc="
    },
    "express": {
      "version": "4.16.4",
      "resolved": "http://registry.npm.taobao.org/express/download/express-4.16.4.tgz",
      "integrity": "sha1-/d72GSYQniTFFeqX/S8b2/Yt8S4=",
      "requires": {
        "accepts": "~1.3.5",
        "array-flatten": "1.1.1",
        "body-parser": "1.18.3",
        "content-disposition": "0.5.2",
        "content-type": "~1.0.4",
        "cookie": "0.3.1",
        "cookie-signature": "1.0.6",
        "debug": "2.6.9",
        "depd": "~1.1.2",
        "encodeurl": "~1.0.2",
        "escape-html": "~1.0.3",
        "etag": "~1.8.1",
        "finalhandler": "1.1.1",
        "fresh": "0.5.2",
        "merge-descriptors": "1.0.1",
        "methods": "~1.1.2",
        "on-finished": "~2.3.0",
        "parseurl": "~1.3.2",
        "path-to-regexp": "0.1.7",
        "proxy-addr": "~2.0.4",
        "qs": "6.5.2",
        "range-parser": "~1.2.0",
        "safe-buffer": "5.1.2",
        "send": "0.16.2",
        "serve-static": "1.13.2",
        "setprototypeof": "1.1.0",
        "statuses": "~1.4.0",
        "type-is": "~1.6.16",
        "utils-merge": "1.0.1",
        "vary": "~1.1.2"
      }
    },
    "express-art-template": {
      "version": "1.0.1",
      "resolved": "https://registry.npm.taobao.org/express-art-template/download/express-art-template-1.0.1.tgz",
      "integrity": "sha1-+96TatzgRizeGR013ZznC0r1d5g="
    },
    "fast-levenshtein": {
      "version": "2.0.6",
      "resolved": "http://registry.npm.taobao.org/fast-levenshtein/download/fast-levenshtein-2.0.6.tgz",
      "integrity": "sha1-PYpcZog6FqMMqGQ+hR8Zuqd5eRc="
    },
    "finalhandler": {
      "version": "1.1.1",
      "resolved": "http://registry.npm.taobao.org/finalhandler/download/finalhandler-1.1.1.tgz",
      "integrity": "sha1-7r9O2EAHnIP0JJA4ydcDAIMBsQU=",
      "requires": {
        "debug": "2.6.9",
        "encodeurl": "~1.0.2",
        "escape-html": "~1.0.3",
        "on-finished": "~2.3.0",
        "parseurl": "~1.3.2",
        "statuses": "~1.4.0",
        "unpipe": "~1.0.0"
      }
    },
    "forwarded": {
      "version": "0.1.2",
      "resolved": "http://registry.npm.taobao.org/forwarded/download/forwarded-0.1.2.tgz",
      "integrity": "sha1-mMI9qxF1ZXuMBXPozszZGw/xjIQ="
    },
    "fresh": {
      "version": "0.5.2",
      "resolved": "http://registry.npm.taobao.org/fresh/download/fresh-0.5.2.tgz",
      "integrity": "sha1-PYyt2Q2XZWn6g1qx+OSyOhBWBac="
    },
    "function-bind": {
      "version": "1.1.1",
      "resolved": "http://registry.npm.taobao.org/function-bind/download/function-bind-1.1.1.tgz",
      "integrity": "sha1-pWiZ0+o8m6uHS7l3O3xe3pL0iV0="
    },
    "has": {
      "version": "1.0.3",
      "resolved": "http://registry.npm.taobao.org/has/download/has-1.0.3.tgz",
      "integrity": "sha1-ci18v8H2qoJB8W3YFOAR4fQeh5Y=",
      "requires": {
        "function-bind": "^1.1.1"
      }
    },
    "he": {
      "version": "1.2.0",
      "resolved": "http://registry.npm.taobao.org/he/download/he-1.2.0.tgz",
      "integrity": "sha1-hK5l+n6vsWX922FWauFLrwVmTw8="
    },
    "html-minifier": {
      "version": "3.5.21",
      "resolved": "https://registry.npm.taobao.org/html-minifier/download/html-minifier-3.5.21.tgz",
      "integrity": "sha1-0AQOBUcw41TbAIRjWTGUAVIS0gw=",
      "requires": {
        "camel-case": "3.0.x",
        "clean-css": "4.2.x",
        "commander": "2.17.x",
        "he": "1.2.x",
        "param-case": "2.1.x",
        "relateurl": "0.2.x",
        "uglify-js": "3.4.x"
      },
      "dependencies": {
        "uglify-js": {
          "version": "3.4.10",
          "resolved": "https://registry.npm.taobao.org/uglify-js/download/uglify-js-3.4.10.tgz",
          "integrity": "sha1-mtlWPY6zrN+404WX0q8dgV9qdV8=",
          "requires": {
            "commander": "~2.19.0",
            "source-map": "~0.6.1"
          },
          "dependencies": {
            "commander": {
              "version": "2.19.0",
              "resolved": "http://registry.npm.taobao.org/commander/download/commander-2.19.0.tgz?cache=0&other_urls=http%3A%2F%2Fregistry.npm.taobao.org%2Fcommander%2Fdownload%2Fcommander-2.19.0.tgz",
              "integrity": "sha1-9hmKqE5bg8RgVLlN3tv+1e6f8So="
            }
          }
        }
      }
    },
    "http-errors": {
      "version": "1.6.3",
      "resolved": "http://registry.npm.taobao.org/http-errors/download/http-errors-1.6.3.tgz",
      "integrity": "sha1-i1VoC7S+KDoLW/TqLjhYC+HZMg0=",
      "requires": {
        "depd": "~1.1.2",
        "inherits": "2.0.3",
        "setprototypeof": "1.1.0",
        "statuses": ">= 1.4.0 < 2"
      }
    },
    "iconv-lite": {
      "version": "0.4.23",
      "resolved": "http://registry.npm.taobao.org/iconv-lite/download/iconv-lite-0.4.23.tgz",
      "integrity": "sha1-KXhx9jvlB63Pv8pxXQzQ7thOmmM=",
      "requires": {
        "safer-buffer": ">= 2.1.2 < 3"
      }
    },
    "inherits": {
      "version": "2.0.3",
      "resolved": "http://registry.npm.taobao.org/inherits/download/inherits-2.0.3.tgz",
      "integrity": "sha1-Yzwsg+PaQqUC9SRmAiSA9CCCYd4="
    },
    "ipaddr.js": {
      "version": "1.9.0",
      "resolved": "http://registry.npm.taobao.org/ipaddr.js/download/ipaddr.js-1.9.0.tgz",
      "integrity": "sha1-N9905DCg5HVQ/lSi3v4w2KzZX2U="
    },
    "is-buffer": {
      "version": "1.1.6",
      "resolved": "http://registry.npm.taobao.org/is-buffer/download/is-buffer-1.1.6.tgz",
      "integrity": "sha1-76ouqdqg16suoTqXsritUf776L4="
    },
    "is-expression": {
      "version": "3.0.0",
      "resolved": "http://registry.npm.taobao.org/is-expression/download/is-expression-3.0.0.tgz",
      "integrity": "sha1-Oayqa+f9HzRx3ELHQW5hwkMXrJ8=",
      "requires": {
        "acorn": "~4.0.2",
        "object-assign": "^4.0.1"
      },
      "dependencies": {
        "acorn": {
          "version": "4.0.13",
          "resolved": "http://registry.npm.taobao.org/acorn/download/acorn-4.0.13.tgz",
          "integrity": "sha1-EFSVrlNh1pe9GVyCUZLhrX8lN4c="
        }
      }
    },
    "is-keyword-js": {
      "version": "1.0.3",
      "resolved": "https://registry.npm.taobao.org/is-keyword-js/download/is-keyword-js-1.0.3.tgz",
      "integrity": "sha1-rDDc81tnH0snsX9ctXI1EmAhEy0="
    },
    "is-promise": {
      "version": "2.1.0",
      "resolved": "http://registry.npm.taobao.org/is-promise/download/is-promise-2.1.0.tgz",
      "integrity": "sha1-eaKp7OfwlugPNtKy87wWwf9L8/o="
    },
    "is-regex": {
      "version": "1.0.4",
      "resolved": "http://registry.npm.taobao.org/is-regex/download/is-regex-1.0.4.tgz",
      "integrity": "sha1-VRdIm1RwkbCTDglWVM7SXul+lJE=",
      "requires": {
        "has": "^1.0.1"
      }
    },
    "js-stringify": {
      "version": "1.0.2",
      "resolved": "http://registry.npm.taobao.org/js-stringify/download/js-stringify-1.0.2.tgz",
      "integrity": "sha1-Fzb939lyTyijaCrcYjCufk6Weds="
    },
    "js-tokens": {
      "version": "3.0.2",
      "resolved": "http://registry.npm.taobao.org/js-tokens/download/js-tokens-3.0.2.tgz",
      "integrity": "sha1-mGbfOVECEw449/mWvOtlRDIJwls="
    },
    "jstransformer": {
      "version": "1.0.0",
      "resolved": "http://registry.npm.taobao.org/jstransformer/download/jstransformer-1.0.0.tgz",
      "integrity": "sha1-7Yvwkh4vPx7U1cGkT2hwntJHIsM=",
      "requires": {
        "is-promise": "^2.0.0",
        "promise": "^7.0.1"
      }
    },
    "kind-of": {
      "version": "3.2.2",
      "resolved": "http://registry.npm.taobao.org/kind-of/download/kind-of-3.2.2.tgz",
      "integrity": "sha1-MeohpzS6ubuw8yRm2JOupR5KPGQ=",
      "requires": {
        "is-buffer": "^1.1.5"
      }
    },
    "lazy-cache": {
      "version": "1.0.4",
      "resolved": "http://registry.npm.taobao.org/lazy-cache/download/lazy-cache-1.0.4.tgz",
      "integrity": "sha1-odePw6UEdMuAhF07O24dpJpEbo4="
    },
    "levn": {
      "version": "0.3.0",
      "resolved": "http://registry.npm.taobao.org/levn/download/levn-0.3.0.tgz",
      "integrity": "sha1-OwmSTt+fCDwEkP3UwLxEIeBHZO4=",
      "requires": {
        "prelude-ls": "~1.1.2",
        "type-check": "~0.3.2"
      }
    },
    "lodash": {
      "version": "4.17.11",
      "resolved": "http://registry.npm.taobao.org/lodash/download/lodash-4.17.11.tgz",
      "integrity": "sha1-s56mIp72B+zYniyN8SU2iRysm40="
    },
    "longest": {
      "version": "1.0.1",
      "resolved": "http://registry.npm.taobao.org/longest/download/longest-1.0.1.tgz",
      "integrity": "sha1-MKCy2jj3N3DoKUoNIuZiXtd9AJc="
    },
    "lower-case": {
      "version": "1.1.4",
      "resolved": "http://registry.npm.taobao.org/lower-case/download/lower-case-1.1.4.tgz",
      "integrity": "sha1-miyr0bno4K6ZOkv31YdcOcQujqw="
    },
    "media-typer": {
      "version": "0.3.0",
      "resolved": "http://registry.npm.taobao.org/media-typer/download/media-typer-0.3.0.tgz",
      "integrity": "sha1-hxDXrwqmJvj/+hzgAWhUUmMlV0g="
    },
    "merge-descriptors": {
      "version": "1.0.1",
      "resolved": "http://registry.npm.taobao.org/merge-descriptors/download/merge-descriptors-1.0.1.tgz",
      "integrity": "sha1-sAqqVW3YtEVoFQ7J0blT8/kMu2E="
    },
    "merge-source-map": {
      "version": "1.1.0",
      "resolved": "https://registry.npm.taobao.org/merge-source-map/download/merge-source-map-1.1.0.tgz",
      "integrity": "sha1-L93n5gIJOfcJBqaPLXrmheTIxkY=",
      "requires": {
        "source-map": "^0.6.1"
      }
    },
    "methods": {
      "version": "1.1.2",
      "resolved": "http://registry.npm.taobao.org/methods/download/methods-1.1.2.tgz",
      "integrity": "sha1-VSmk1nZUE07cxSZmVoNbD4Ua/O4="
    },
    "mime": {
      "version": "1.4.1",
      "resolved": "http://registry.npm.taobao.org/mime/download/mime-1.4.1.tgz",
      "integrity": "sha1-Eh+evEnjdm8xGnbh+hyAA8SwOqY="
    },
    "mime-db": {
      "version": "1.40.0",
      "resolved": "https://registry.npm.taobao.org/mime-db/download/mime-db-1.40.0.tgz",
      "integrity": "sha1-plBX6ZjbCQ9zKmj2wnbTh9QSbDI="
    },
    "mime-types": {
      "version": "2.1.24",
      "resolved": "https://registry.npm.taobao.org/mime-types/download/mime-types-2.1.24.tgz",
      "integrity": "sha1-tvjQs+lR77d97eyhlM/20W9nb4E=",
      "requires": {
        "mime-db": "1.40.0"
      }
    },
    "morgan": {
      "version": "1.9.1",
      "resolved": "http://registry.npm.taobao.org/morgan/download/morgan-1.9.1.tgz",
      "integrity": "sha1-Co0Wc0odmvvIJLmd+H5zjlji2lk=",
      "requires": {
        "basic-auth": "~2.0.0",
        "debug": "2.6.9",
        "depd": "~1.1.2",
        "on-finished": "~2.3.0",
        "on-headers": "~1.0.1"
      }
    },
    "ms": {
      "version": "2.0.0",
      "resolved": "http://registry.npm.taobao.org/ms/download/ms-2.0.0.tgz",
      "integrity": "sha1-VgiurfwAvmwpAd9fmGF4jeDVl8g="
    },
    "negotiator": {
      "version": "0.6.2",
      "resolved": "https://registry.npm.taobao.org/negotiator/download/negotiator-0.6.2.tgz",
      "integrity": "sha1-/qz3zPUlp3rpY0Q2pkiD/+yjRvs="
    },
    "no-case": {
      "version": "2.3.2",
      "resolved": "http://registry.npm.taobao.org/no-case/download/no-case-2.3.2.tgz",
      "integrity": "sha1-YLgTOWvjmz8SiKTB7V0efSi0ZKw=",
      "requires": {
        "lower-case": "^1.1.1"
      }
    },
    "object-assign": {
      "version": "4.1.1",
      "resolved": "http://registry.npm.taobao.org/object-assign/download/object-assign-4.1.1.tgz",
      "integrity": "sha1-IQmtx5ZYh8/AXLvUQsrIv7s2CGM="
    },
    "on-finished": {
      "version": "2.3.0",
      "resolved": "http://registry.npm.taobao.org/on-finished/download/on-finished-2.3.0.tgz",
      "integrity": "sha1-IPEzZIGwg811M3mSoWlxqi2QaUc=",
      "requires": {
        "ee-first": "1.1.1"
      }
    },
    "on-headers": {
      "version": "1.0.2",
      "resolved": "http://registry.npm.taobao.org/on-headers/download/on-headers-1.0.2.tgz",
      "integrity": "sha1-dysK5qqlJcOZ5Imt+tkMQD6zwo8="
    },
    "optionator": {
      "version": "0.8.2",
      "resolved": "http://registry.npm.taobao.org/optionator/download/optionator-0.8.2.tgz",
      "integrity": "sha1-NkxeQJ0/TWMB1sC0wFu6UBgK62Q=",
      "requires": {
        "deep-is": "~0.1.3",
        "fast-levenshtein": "~2.0.4",
        "levn": "~0.3.0",
        "prelude-ls": "~1.1.2",
        "type-check": "~0.3.2",
        "wordwrap": "~1.0.0"
      },
      "dependencies": {
        "wordwrap": {
          "version": "1.0.0",
          "resolved": "http://registry.npm.taobao.org/wordwrap/download/wordwrap-1.0.0.tgz",
          "integrity": "sha1-J1hIEIkUVqQXHI0CJkQa3pDLyus="
        }
      }
    },
    "param-case": {
      "version": "2.1.1",
      "resolved": "http://registry.npm.taobao.org/param-case/download/param-case-2.1.1.tgz",
      "integrity": "sha1-35T9jPZTHs915r75oIWPvHK+Ikc=",
      "requires": {
        "no-case": "^2.2.0"
      }
    },
    "parseurl": {
      "version": "1.3.3",
      "resolved": "http://registry.npm.taobao.org/parseurl/download/parseurl-1.3.3.tgz",
      "integrity": "sha1-naGee+6NEt/wUT7Vt2lXeTvC6NQ="
    },
    "path-parse": {
      "version": "1.0.6",
      "resolved": "http://registry.npm.taobao.org/path-parse/download/path-parse-1.0.6.tgz",
      "integrity": "sha1-1i27VnlAXXLEc37FhgDp3c8G0kw="
    },
    "path-to-regexp": {
      "version": "0.1.7",
      "resolved": "http://registry.npm.taobao.org/path-to-regexp/download/path-to-regexp-0.1.7.tgz",
      "integrity": "sha1-32BBeABfUi8V60SQ5yR6G/qmf4w="
    },
    "prelude-ls": {
      "version": "1.1.2",
      "resolved": "http://registry.npm.taobao.org/prelude-ls/download/prelude-ls-1.1.2.tgz",
      "integrity": "sha1-IZMqVJ9eUv/ZqCf1cOBL5iqX2lQ="
    },
    "promise": {
      "version": "7.3.1",
      "resolved": "http://registry.npm.taobao.org/promise/download/promise-7.3.1.tgz",
      "integrity": "sha1-BktyYCsY+Q8pGSuLG8QY/9Hr078=",
      "requires": {
        "asap": "~2.0.3"
      }
    },
    "proxy-addr": {
      "version": "2.0.5",
      "resolved": "http://registry.npm.taobao.org/proxy-addr/download/proxy-addr-2.0.5.tgz",
      "integrity": "sha1-NMvWSi2B9LH9IedvnwbIpFKZ7jQ=",
      "requires": {
        "forwarded": "~0.1.2",
        "ipaddr.js": "1.9.0"
      }
    },
    "pug": {
      "version": "2.0.3",
      "resolved": "http://registry.npm.taobao.org/pug/download/pug-2.0.3.tgz",
      "integrity": "sha1-ccuoJTfJWl6rftBGluQiH1Oqh44=",
      "requires": {
        "pug-code-gen": "^2.0.1",
        "pug-filters": "^3.1.0",
        "pug-lexer": "^4.0.0",
        "pug-linker": "^3.0.5",
        "pug-load": "^2.0.11",
        "pug-parser": "^5.0.0",
        "pug-runtime": "^2.0.4",
        "pug-strip-comments": "^1.0.3"
      }
    },
    "pug-code-gen": {
      "version": "2.0.3",
      "resolved": "https://registry.npmjs.org/pug-code-gen/-/pug-code-gen-2.0.3.tgz",
      "integrity": "sha512-r9sezXdDuZJfW9J91TN/2LFbiqDhmltTFmGpHTsGdrNGp3p4SxAjjXEfnuK2e4ywYsRIVP0NeLbSAMHUcaX1EA==",
      "requires": {
        "constantinople": "^3.1.2",
        "doctypes": "^1.1.0",
        "js-stringify": "^1.0.1",
        "pug-attrs": "^2.0.4",
        "pug-error": "^1.3.3",
        "pug-runtime": "^2.0.5",
        "void-elements": "^2.0.1",
        "with": "^5.0.0"
      },
      "dependencies": {
        "pug-attrs": {
          "version": "2.0.4",
          "resolved": "https://registry.npmjs.org/pug-attrs/-/pug-attrs-2.0.4.tgz",
          "integrity": "sha512-TaZ4Z2TWUPDJcV3wjU3RtUXMrd3kM4Wzjbe3EWnSsZPsJ3LDI0F3yCnf2/W7PPFF+edUFQ0HgDL1IoxSz5K8EQ==",
          "requires": {
            "constantinople": "^3.0.1",
            "js-stringify": "^1.0.1",
            "pug-runtime": "^2.0.5"
          }
        },
        "pug-error": {
          "version": "1.3.3",
          "resolved": "https://registry.npmjs.org/pug-error/-/pug-error-1.3.3.tgz",
          "integrity": "sha512-qE3YhESP2mRAWMFJgKdtT5D7ckThRScXRwkfo+Erqga7dyJdY3ZquspprMCj/9sJ2ijm5hXFWQE/A3l4poMWiQ=="
        },
        "pug-runtime": {
          "version": "2.0.5",
          "resolved": "https://registry.npmjs.org/pug-runtime/-/pug-runtime-2.0.5.tgz",
          "integrity": "sha512-P+rXKn9un4fQY77wtpcuFyvFaBww7/91f3jHa154qU26qFAnOe6SW1CbIDcxiG5lLK9HazYrMCCuDvNgDQNptw=="
        }
      }
    },
    "pug-error": {
      "version": "1.3.2",
      "resolved": "http://registry.npm.taobao.org/pug-error/download/pug-error-1.3.2.tgz",
      "integrity": "sha1-U659nSm7A89WRJOgJhCfVMR/XyY="
    },
    "pug-filters": {
      "version": "3.1.0",
      "resolved": "http://registry.npm.taobao.org/pug-filters/download/pug-filters-3.1.0.tgz",
      "integrity": "sha1-JxZVVbwEwjbkqisDZiRt+gIbYm4=",
      "requires": {
        "clean-css": "^4.1.11",
        "constantinople": "^3.0.1",
        "jstransformer": "1.0.0",
        "pug-error": "^1.3.2",
        "pug-walk": "^1.1.7",
        "resolve": "^1.1.6",
        "uglify-js": "^2.6.1"
      }
    },
    "pug-lexer": {
      "version": "4.0.0",
      "resolved": "http://registry.npm.taobao.org/pug-lexer/download/pug-lexer-4.0.0.tgz",
      "integrity": "sha1-IQwYRX7y4XYCQnQMXmR715TOwng=",
      "requires": {
        "character-parser": "^2.1.1",
        "is-expression": "^3.0.0",
        "pug-error": "^1.3.2"
      }
    },
    "pug-linker": {
      "version": "3.0.5",
      "resolved": "http://registry.npm.taobao.org/pug-linker/download/pug-linker-3.0.5.tgz",
      "integrity": "sha1-npp65ABWgtAn3uuWsAD4juuDoC8=",
      "requires": {
        "pug-error": "^1.3.2",
        "pug-walk": "^1.1.7"
      }
    },
    "pug-load": {
      "version": "2.0.11",
      "resolved": "http://registry.npm.taobao.org/pug-load/download/pug-load-2.0.11.tgz",
      "integrity": "sha1-5kjlftET/iwfRdV4WOorrWvAFSc=",
      "requires": {
        "object-assign": "^4.1.0",
        "pug-walk": "^1.1.7"
      }
    },
    "pug-parser": {
      "version": "5.0.0",
      "resolved": "http://registry.npm.taobao.org/pug-parser/download/pug-parser-5.0.0.tgz",
      "integrity": "sha1-45Stmz/KkxI5QK/4hcBuRKt+aOQ=",
      "requires": {
        "pug-error": "^1.3.2",
        "token-stream": "0.0.1"
      }
    },
    "pug-runtime": {
      "version": "2.0.4",
      "resolved": "http://registry.npm.taobao.org/pug-runtime/download/pug-runtime-2.0.4.tgz",
      "integrity": "sha1-4XjhvaaKsujArPybztLFT9iM61g="
    },
    "pug-strip-comments": {
      "version": "1.0.3",
      "resolved": "http://registry.npm.taobao.org/pug-strip-comments/download/pug-strip-comments-1.0.3.tgz",
      "integrity": "sha1-8VWVkiBu3G+FMQ2s9K+0igJa9Z8=",
      "requires": {
        "pug-error": "^1.3.2"
      }
    },
    "pug-walk": {
      "version": "1.1.7",
      "resolved": "http://registry.npm.taobao.org/pug-walk/download/pug-walk-1.1.7.tgz",
      "integrity": "sha1-wA1cUSi6xYBr7BXSt+fNq+QlMfM="
    },
    "qs": {
      "version": "6.5.2",
      "resolved": "http://registry.npm.taobao.org/qs/download/qs-6.5.2.tgz",
      "integrity": "sha1-yzroBuh0BERYTvFUzo7pjUA/PjY="
    },
    "range-parser": {
      "version": "1.2.0",
      "resolved": "http://registry.npm.taobao.org/range-parser/download/range-parser-1.2.0.tgz",
      "integrity": "sha1-9JvmtIeJTdxA3MlKMi9hEJLgDV4="
    },
    "raw-body": {
      "version": "2.3.3",
      "resolved": "http://registry.npm.taobao.org/raw-body/download/raw-body-2.3.3.tgz",
      "integrity": "sha1-GzJOzmtXBuFThVvBFIxlu39uoMM=",
      "requires": {
        "bytes": "3.0.0",
        "http-errors": "1.6.3",
        "iconv-lite": "0.4.23",
        "unpipe": "1.0.0"
      }
    },
    "regenerator-runtime": {
      "version": "0.11.1",
      "resolved": "http://registry.npm.taobao.org/regenerator-runtime/download/regenerator-runtime-0.11.1.tgz",
      "integrity": "sha1-vgWtf5v30i4Fb5cmzuUBf78Z4uk="
    },
    "relateurl": {
      "version": "0.2.7",
      "resolved": "http://registry.npm.taobao.org/relateurl/download/relateurl-0.2.7.tgz",
      "integrity": "sha1-VNvzd+UUQKypCkzSdGANP/LYiKk="
    },
    "repeat-string": {
      "version": "1.6.1",
      "resolved": "http://registry.npm.taobao.org/repeat-string/download/repeat-string-1.6.1.tgz",
      "integrity": "sha1-jcrkcOHIirwtYA//Sndihtp15jc="
    },
    "resolve": {
      "version": "1.10.1",
      "resolved": "https://registry.npm.taobao.org/resolve/download/resolve-1.10.1.tgz",
      "integrity": "sha1-ZkhCrJYHlbvnWCIc3M2mH7ZLXxg=",
      "requires": {
        "path-parse": "^1.0.6"
      }
    },
    "right-align": {
      "version": "0.1.3",
      "resolved": "http://registry.npm.taobao.org/right-align/download/right-align-0.1.3.tgz",
      "integrity": "sha1-YTObci/mo1FWiSENJOFMlhSGE+8=",
      "requires": {
        "align-text": "^0.1.1"
      }
    },
    "safe-buffer": {
      "version": "5.1.2",
      "resolved": "http://registry.npm.taobao.org/safe-buffer/download/safe-buffer-5.1.2.tgz",
      "integrity": "sha1-mR7GnSluAxN0fVm9/St0XDX4go0="
    },
    "safer-buffer": {
      "version": "2.1.2",
      "resolved": "http://registry.npm.taobao.org/safer-buffer/download/safer-buffer-2.1.2.tgz",
      "integrity": "sha1-RPoWGwGHuVSd2Eu5GAL5vYOFzWo="
    },
    "send": {
      "version": "0.16.2",
      "resolved": "http://registry.npm.taobao.org/send/download/send-0.16.2.tgz",
      "integrity": "sha1-bsyh4PjBVtFBWXVZhI32RzCmu8E=",
      "requires": {
        "debug": "2.6.9",
        "depd": "~1.1.2",
        "destroy": "~1.0.4",
        "encodeurl": "~1.0.2",
        "escape-html": "~1.0.3",
        "etag": "~1.8.1",
        "fresh": "0.5.2",
        "http-errors": "~1.6.2",
        "mime": "1.4.1",
        "ms": "2.0.0",
        "on-finished": "~2.3.0",
        "range-parser": "~1.2.0",
        "statuses": "~1.4.0"
      }
    },
    "serve-static": {
      "version": "1.13.2",
      "resolved": "http://registry.npm.taobao.org/serve-static/download/serve-static-1.13.2.tgz",
      "integrity": "sha1-CV6Ecv1bRiN9tQzkhqQ/S4bGzsE=",
      "requires": {
        "encodeurl": "~1.0.2",
        "escape-html": "~1.0.3",
        "parseurl": "~1.3.2",
        "send": "0.16.2"
      }
    },
    "setprototypeof": {
      "version": "1.1.0",
      "resolved": "http://registry.npm.taobao.org/setprototypeof/download/setprototypeof-1.1.0.tgz",
      "integrity": "sha1-0L2FU2iHtv58DYGMuWLZ2RxU5lY="
    },
    "source-map": {
      "version": "0.6.1",
      "resolved": "http://registry.npm.taobao.org/source-map/download/source-map-0.6.1.tgz",
      "integrity": "sha1-dHIq8y6WFOnCh6jQu95IteLxomM="
    },
    "statuses": {
      "version": "1.4.0",
      "resolved": "http://registry.npm.taobao.org/statuses/download/statuses-1.4.0.tgz",
      "integrity": "sha1-u3PURtonlhBu/MG2AaJT1sRr0Ic="
    },
    "to-fast-properties": {
      "version": "1.0.3",
      "resolved": "http://registry.npm.taobao.org/to-fast-properties/download/to-fast-properties-1.0.3.tgz",
      "integrity": "sha1-uDVx+k2MJbguIxsG46MFXeTKGkc="
    },
    "token-stream": {
      "version": "0.0.1",
      "resolved": "http://registry.npm.taobao.org/token-stream/download/token-stream-0.0.1.tgz",
      "integrity": "sha1-zu78cXp2xDFvEm0LnbqlXX598Bo="
    },
    "type-check": {
      "version": "0.3.2",
      "resolved": "http://registry.npm.taobao.org/type-check/download/type-check-0.3.2.tgz",
      "integrity": "sha1-WITKtRLPHTVeP7eE8wgEsrUg23I=",
      "requires": {
        "prelude-ls": "~1.1.2"
      }
    },
    "type-is": {
      "version": "1.6.18",
      "resolved": "https://registry.npm.taobao.org/type-is/download/type-is-1.6.18.tgz",
      "integrity": "sha1-TlUs0F3wlGfcvE73Od6J8s83wTE=",
      "requires": {
        "media-typer": "0.3.0",
        "mime-types": "~2.1.24"
      }
    },
    "uglify-js": {
      "version": "2.8.29",
      "resolved": "https://registry.npm.taobao.org/uglify-js/download/uglify-js-2.8.29.tgz",
      "integrity": "sha1-KcVzMUgFe7Th913zW3qcty5qWd0=",
      "requires": {
        "source-map": "~0.5.1",
        "uglify-to-browserify": "~1.0.0",
        "yargs": "~3.10.0"
      },
      "dependencies": {
        "source-map": {
          "version": "0.5.7",
          "resolved": "http://registry.npm.taobao.org/source-map/download/source-map-0.5.7.tgz",
          "integrity": "sha1-igOdLRAh0i0eoUyA2OpGi6LvP8w="
        }
      }
    },
    "uglify-to-browserify": {
      "version": "1.0.2",
      "resolved": "http://registry.npm.taobao.org/uglify-to-browserify/download/uglify-to-browserify-1.0.2.tgz",
      "integrity": "sha1-bgkk1r2mta/jSeOabWMoUKD4grc=",
      "optional": true
    },
    "unpipe": {
      "version": "1.0.0",
      "resolved": "http://registry.npm.taobao.org/unpipe/download/unpipe-1.0.0.tgz",
      "integrity": "sha1-sr9O6FFKrmFltIF4KdIbLvSZBOw="
    },
    "upper-case": {
      "version": "1.1.3",
      "resolved": "http://registry.npm.taobao.org/upper-case/download/upper-case-1.1.3.tgz",
      "integrity": "sha1-9rRQHC7EzdJrp4vnIilh3ndiFZg="
    },
    "utils-merge": {
      "version": "1.0.1",
      "resolved": "http://registry.npm.taobao.org/utils-merge/download/utils-merge-1.0.1.tgz",
      "integrity": "sha1-n5VxD1CiZ5R7LMwSR0HBAoQn5xM="
    },
    "vary": {
      "version": "1.1.2",
      "resolved": "http://registry.npm.taobao.org/vary/download/vary-1.1.2.tgz",
      "integrity": "sha1-IpnwLG3tMNSllhsLn3RSShj2NPw="
    },
    "void-elements": {
      "version": "2.0.1",
      "resolved": "http://registry.npm.taobao.org/void-elements/download/void-elements-2.0.1.tgz",
      "integrity": "sha1-wGavtYK7HLQSjWDqkjkulNXp2+w="
    },
    "window-size": {
      "version": "0.1.0",
      "resolved": "http://registry.npm.taobao.org/window-size/download/window-size-0.1.0.tgz",
      "integrity": "sha1-VDjNLqk7IC76Ohn+iIeu58lPnJ0="
    },
    "with": {
      "version": "5.1.1",
      "resolved": "http://registry.npm.taobao.org/with/download/with-5.1.1.tgz",
      "integrity": "sha1-+k2qktrzLE6pTtRTyB8EaGtXXf4=",
      "requires": {
        "acorn": "^3.1.0",
        "acorn-globals": "^3.0.0"
      }
    },
    "wordwrap": {
      "version": "0.0.2",
      "resolved": "http://registry.npm.taobao.org/wordwrap/download/wordwrap-0.0.2.tgz",
      "integrity": "sha1-t5Zpu0LstAn4PVg8rVLKF+qhZD8="
    },
    "yargs": {
      "version": "3.10.0",
      "resolved": "http://registry.npm.taobao.org/yargs/download/yargs-3.10.0.tgz",
      "integrity": "sha1-9+572FfdfB0tOMDnTvvWgdFDH9E=",
      "requires": {
        "camelcase": "^1.0.2",
        "cliui": "^2.1.0",
        "decamelize": "^1.0.0",
        "window-size": "0.1.0"
      }
    }
  }
}
